
Microsoft Visual Studio Solution File, Format Version 12.00
# Visual Studio 15
VisualStudioVersion = 15.0.28307.106
MinimumVisualStudioVersion = 10.0.40219.1
Project("{FAE04EC0-301F-11D3-BF4B-00C04F79EFBC}") = "WorthWhile.Education.Dojo.TriangleGeneratorTest", "WorthWhile.Education.Dojo.TriangleGeneratorTest\WorthWhile.Education.Dojo.TriangleGeneratorTest.csproj", "{23D422BD-C689-4B2C-921A-6AD41C486A2D}"
EndProject
Project("{FAE04EC0-301F-11D3-BF4B-00C04F79EFBC}") = "WorthWhile.Education.Dojo.TriangleGenerator", "WorthWhile.Education.Dojo.TriangleGenerator\WorthWhile.Education.Dojo.TriangleGenerator.csproj", "{2963E01D-3FB6-415D-84D6-78294ACC4812}"
EndProject
Global
	GlobalSection(SolutionConfigurationPlatforms) = preSolution
		Debug|Any CPU = Debug|Any CPU
		Release|Any CPU = Release|Any CPU
	EndGlobalSection
	GlobalSection(ProjectConfigurationPlatforms) = postSolution
		{23D422BD-C689-4B2C-921A-6AD41C486A2D}.Debug|Any CPU.ActiveCfg = Debug|Any CPU
		{23D422BD-C689-4B2C-921A-6AD41C486A2D}.Debug|Any CPU.Build.0 = Debug|Any CPU
		{23D422BD-C689-4B2C-921A-6AD41C486A2D}.Release|Any CPU.ActiveCfg = Release|Any CPU
		{23D422BD-C689-4B2C-921A-6AD41C486A2D}.Release|Any CPU.Build.0 = Release|Any CPU
		{2963E01D-3FB6-415D-84D6-78294ACC4812}.Debug|Any CPU.ActiveCfg = Debug|Any CPU
		{2963E01D-3FB6-415D-84D6-78294ACC4812}.Debug|Any CPU.Build.0 = Debug|Any CPU
		{2963E01D-3FB6-415D-84D6-78294ACC4812}.Release|Any CPU.ActiveCfg = Release|Any CPU
		{2963E01D-3FB6-415D-84D6-78294ACC4812}.Release|Any CPU.Build.0 = Release|Any CPU
	EndGlobalSection
	GlobalSection(SolutionProperties) = preSolution
		HideSolutionNode = FALSE
	EndGlobalSection
	GlobalSection(ExtensibilityGlobals) = postSolution
		SolutionGuid = {8CF9DB82-ACE0-4C5E-8CD7-045AA9178546}
	EndGlobalSection
EndGlobal
